
Microsoft Visual Studio Solution File, Format Version 12.00
# Visual Studio Version 16
VisualStudioVersion = 16.6.30114.105
MinimumVisualStudioVersion = 10.0.40219.1
Project("{FAE04EC0-301F-11D3-BF4B-00C04F79EFBC}") = "ArrayBuilder", "src\ArrayBuilder.csproj", "{18A4E20D-C87F-426C-A205-983B0D7BB97D}"
EndProject
Project("{FAE04EC0-301F-11D3-BF4B-00C04F79EFBC}") = "ArrayBuilder.Tests", "tests\ArrayBuilder.Tests.csproj", "{C7790E7C-26E2-4697-B58E-A1D86755E8EB}"
EndProject
Global
	GlobalSection(SolutionConfigurationPlatforms) = preSolution
		Debug|Any CPU = Debug|Any CPU
		Debug|x64 = Debug|x64
		Debug|x86 = Debug|x86
		Release|Any CPU = Release|Any CPU
		Release|x64 = Release|x64
		Release|x86 = Release|x86
	EndGlobalSection
	GlobalSection(SolutionProperties) = preSolution
		HideSolutionNode = FALSE
	EndGlobalSection
	GlobalSection(ProjectConfigurationPlatforms) = postSolution
		{18A4E20D-C87F-426C-A205-983B0D7BB97D}.Debug|Any CPU.ActiveCfg = Debug|Any CPU
		{18A4E20D-C87F-426C-A205-983B0D7BB97D}.Debug|Any CPU.Build.0 = Debug|Any CPU
		{18A4E20D-C87F-426C-A205-983B0D7BB97D}.Debug|x64.ActiveCfg = Debug|Any CPU
		{18A4E20D-C87F-426C-A205-983B0D7BB97D}.Debug|x64.Build.0 = Debug|Any CPU
		{18A4E20D-C87F-426C-A205-983B0D7BB97D}.Debug|x86.ActiveCfg = Debug|Any CPU
		{18A4E20D-C87F-426C-A205-983B0D7BB97D}.Debug|x86.Build.0 = Debug|Any CPU
		{18A4E20D-C87F-426C-A205-983B0D7BB97D}.Release|Any CPU.ActiveCfg = Release|Any CPU
		{18A4E20D-C87F-426C-A205-983B0D7BB97D}.Release|Any CPU.Build.0 = Release|Any CPU
		{18A4E20D-C87F-426C-A205-983B0D7BB97D}.Release|x64.ActiveCfg = Release|Any CPU
		{18A4E20D-C87F-426C-A205-983B0D7BB97D}.Release|x64.Build.0 = Release|Any CPU
		{18A4E20D-C87F-426C-A205-983B0D7BB97D}.Release|x86.ActiveCfg = Release|Any CPU
		{18A4E20D-C87F-426C-A205-983B0D7BB97D}.Release|x86.Build.0 = Release|Any CPU
		{C7790E7C-26E2-4697-B58E-A1D86755E8EB}.Debug|Any CPU.ActiveCfg = Debug|Any CPU
		{C7790E7C-26E2-4697-B58E-A1D86755E8EB}.Debug|Any CPU.Build.0 = Debug|Any CPU
		{C7790E7C-26E2-4697-B58E-A1D86755E8EB}.Debug|x64.ActiveCfg = Debug|Any CPU
		{C7790E7C-26E2-4697-B58E-A1D86755E8EB}.Debug|x64.Build.0 = Debug|Any CPU
		{C7790E7C-26E2-4697-B58E-A1D86755E8EB}.Debug|x86.ActiveCfg = Debug|Any CPU
		{C7790E7C-26E2-4697-B58E-A1D86755E8EB}.Debug|x86.Build.0 = Debug|Any CPU
		{C7790E7C-26E2-4697-B58E-A1D86755E8EB}.Release|Any CPU.ActiveCfg = Release|Any CPU
		{C7790E7C-26E2-4697-B58E-A1D86755E8EB}.Release|Any CPU.Build.0 = Release|Any CPU
		{C7790E7C-26E2-4697-B58E-A1D86755E8EB}.Release|x64.ActiveCfg = Release|Any CPU
		{C7790E7C-26E2-4697-B58E-A1D86755E8EB}.Release|x64.Build.0 = Release|Any CPU
		{C7790E7C-26E2-4697-B58E-A1D86755E8EB}.Release|x86.ActiveCfg = Release|Any CPU
		{C7790E7C-26E2-4697-B58E-A1D86755E8EB}.Release|x86.Build.0 = Release|Any CPU
	EndGlobalSection
EndGlobal
